
Microsoft Visual Studio Solution File, Format Version 12.00
# Visual Studio Version 17
VisualStudioVersion = 17.0.32112.339
MinimumVisualStudioVersion = 10.0.40219.1
Project("{9A19103F-16F7-4668-BE54-9A1E7A4F7556}") = "Remnant.ContainerInjector.Example", "Remnant.ContainerInjector.Example.csproj", "{474C1998-F1BB-40A4-9972-D3A60AD6205B}"
EndProject
Global
	GlobalSection(SolutionConfigurationPlatforms) = preSolution
		Debug|Any CPU = Debug|Any CPU
		Release|Any CPU = Release|Any CPU
	EndGlobalSection
	GlobalSection(ProjectConfigurationPlatforms) = postSolution
		{474C1998-F1BB-40A4-9972-D3A60AD6205B}.Debug|Any CPU.ActiveCfg = Debug|Any CPU
		{474C1998-F1BB-40A4-9972-D3A60AD6205B}.Debug|Any CPU.Build.0 = Debug|Any CPU
		{474C1998-F1BB-40A4-9972-D3A60AD6205B}.Release|Any CPU.ActiveCfg = Release|Any CPU
		{474C1998-F1BB-40A4-9972-D3A60AD6205B}.Release|Any CPU.Build.0 = Release|Any CPU
	EndGlobalSection
	GlobalSection(SolutionProperties) = preSolution
		HideSolutionNode = FALSE
	EndGlobalSection
	GlobalSection(ExtensibilityGlobals) = postSolution
		SolutionGuid = {85C9EFC6-F115-4353-9A9A-789D2954D865}
	EndGlobalSection
EndGlobal
