
Microsoft Visual Studio Solution File, Format Version 12.00
# Visual Studio Version 17
VisualStudioVersion = 17.0.32112.339
MinimumVisualStudioVersion = 10.0.40219.1
Project("{FAE04EC0-301F-11D3-BF4B-00C04F79EFBC}") = "Remnant.Container.Injector", "Remnant.Container.Injector.csproj", "{B1C7B06F-C227-4F43-9089-A78EE611F00B}"
EndProject
Project("{FAE04EC0-301F-11D3-BF4B-00C04F79EFBC}") = "Remnant.Container.Injector.Tests", "..\Remnant.Container.Injector.Tests\Remnant.Container.Injector.Tests.csproj", "{A6956689-D586-495B-8C11-F18E0EE6B17D}"
EndProject
Project("{2150E333-8FDC-42A3-9474-1A3956D46DE8}") = "Solution Items", "Solution Items", "{87F182C7-FDFA-4946-9691-63E2875D47DF}"
	ProjectSection(SolutionItems) = preProject
		.editorconfig = .editorconfig
	EndProjectSection
EndProject
Global
	GlobalSection(SolutionConfigurationPlatforms) = preSolution
		Debug|Any CPU = Debug|Any CPU
		Release|Any CPU = Release|Any CPU
	EndGlobalSection
	GlobalSection(ProjectConfigurationPlatforms) = postSolution
		{B1C7B06F-C227-4F43-9089-A78EE611F00B}.Debug|Any CPU.ActiveCfg = Debug|Any CPU
		{B1C7B06F-C227-4F43-9089-A78EE611F00B}.Debug|Any CPU.Build.0 = Debug|Any CPU
		{B1C7B06F-C227-4F43-9089-A78EE611F00B}.Release|Any CPU.ActiveCfg = Release|Any CPU
		{B1C7B06F-C227-4F43-9089-A78EE611F00B}.Release|Any CPU.Build.0 = Release|Any CPU
		{A6956689-D586-495B-8C11-F18E0EE6B17D}.Debug|Any CPU.ActiveCfg = Debug|Any CPU
		{A6956689-D586-495B-8C11-F18E0EE6B17D}.Debug|Any CPU.Build.0 = Debug|Any CPU
		{A6956689-D586-495B-8C11-F18E0EE6B17D}.Release|Any CPU.ActiveCfg = Release|Any CPU
		{A6956689-D586-495B-8C11-F18E0EE6B17D}.Release|Any CPU.Build.0 = Release|Any CPU
	EndGlobalSection
	GlobalSection(SolutionProperties) = preSolution
		HideSolutionNode = FALSE
	EndGlobalSection
	GlobalSection(ExtensibilityGlobals) = postSolution
		SolutionGuid = {AE92C748-309D-418B-B6BE-74E950324A2E}
	EndGlobalSection
EndGlobal
